
Microsoft Visual Studio Solution File, Format Version 12.00
# Visual Studio Version 17
VisualStudioVersion = 17.11.35327.3
MinimumVisualStudioVersion = 10.0.40219.1
Project("{9A19103F-16F7-4668-BE54-9A1E7A4F7556}") = "Database", "Database\Database.csproj", "{81291E8B-8AF9-4755-BCB9-934B5C672335}"
EndProject
Project("{9A19103F-16F7-4668-BE54-9A1E7A4F7556}") = "Business", "Business\Business.csproj", "{75052DDA-FDA0-4346-956A-DE2D2F0C3F86}"
EndProject
Project("{2150E333-8FDC-42A3-9474-1A3956D46DE8}") = "Presentation", "Presentation", "{97CDA8C6-32BA-47E5-968E-FCA571148DBE}"
EndProject
Project("{9A19103F-16F7-4668-BE54-9A1E7A4F7556}") = "WEB", "WEB\WEB.csproj", "{F44416E4-9390-42B0-A67D-E6AD40875CC8}"
EndProject
Project("{9A19103F-16F7-4668-BE54-9A1E7A4F7556}") = "API", "API\API.csproj", "{002A5BD1-9983-4E2E-9D93-1A9FCC699D6F}"
EndProject
Project("{9A19103F-16F7-4668-BE54-9A1E7A4F7556}") = "Desktop", "Desktop\Desktop.csproj", "{99473B2D-8C14-4444-8856-68E5444EA31E}"
EndProject
Project("{2150E333-8FDC-42A3-9474-1A3956D46DE8}") = "DBTesting", "DBTesting", "{28EA3F55-C157-479E-B625-5D975604EB91}"
EndProject
Project("{9A19103F-16F7-4668-BE54-9A1E7A4F7556}") = "Test", "Test\Test.csproj", "{4D97BF33-CA39-4390-84DA-4B5FA93809FC}"
EndProject
Project("{2150E333-8FDC-42A3-9474-1A3956D46DE8}") = "BusinessTEst", "BusinessTEst", "{3FCCAE8A-5A34-411F-92C9-5749F0FFAB20}"
EndProject
Project("{9A19103F-16F7-4668-BE54-9A1E7A4F7556}") = "BusinessTest", "BusinessTest\BusinessTest.csproj", "{AD7585E6-C4D6-4C19-B260-E1361EDE8B1D}"
EndProject
Global
	GlobalSection(SolutionConfigurationPlatforms) = preSolution
		Debug|Any CPU = Debug|Any CPU
		Release|Any CPU = Release|Any CPU
	EndGlobalSection
	GlobalSection(ProjectConfigurationPlatforms) = postSolution
		{81291E8B-8AF9-4755-BCB9-934B5C672335}.Debug|Any CPU.ActiveCfg = Debug|Any CPU
		{81291E8B-8AF9-4755-BCB9-934B5C672335}.Debug|Any CPU.Build.0 = Debug|Any CPU
		{81291E8B-8AF9-4755-BCB9-934B5C672335}.Release|Any CPU.ActiveCfg = Release|Any CPU
		{81291E8B-8AF9-4755-BCB9-934B5C672335}.Release|Any CPU.Build.0 = Release|Any CPU
		{75052DDA-FDA0-4346-956A-DE2D2F0C3F86}.Debug|Any CPU.ActiveCfg = Debug|Any CPU
		{75052DDA-FDA0-4346-956A-DE2D2F0C3F86}.Debug|Any CPU.Build.0 = Debug|Any CPU
		{75052DDA-FDA0-4346-956A-DE2D2F0C3F86}.Release|Any CPU.ActiveCfg = Release|Any CPU
		{75052DDA-FDA0-4346-956A-DE2D2F0C3F86}.Release|Any CPU.Build.0 = Release|Any CPU
		{F44416E4-9390-42B0-A67D-E6AD40875CC8}.Debug|Any CPU.ActiveCfg = Debug|Any CPU
		{F44416E4-9390-42B0-A67D-E6AD40875CC8}.Debug|Any CPU.Build.0 = Debug|Any CPU
		{F44416E4-9390-42B0-A67D-E6AD40875CC8}.Release|Any CPU.ActiveCfg = Release|Any CPU
		{F44416E4-9390-42B0-A67D-E6AD40875CC8}.Release|Any CPU.Build.0 = Release|Any CPU
		{002A5BD1-9983-4E2E-9D93-1A9FCC699D6F}.Debug|Any CPU.ActiveCfg = Debug|Any CPU
		{002A5BD1-9983-4E2E-9D93-1A9FCC699D6F}.Debug|Any CPU.Build.0 = Debug|Any CPU
		{002A5BD1-9983-4E2E-9D93-1A9FCC699D6F}.Release|Any CPU.ActiveCfg = Release|Any CPU
		{002A5BD1-9983-4E2E-9D93-1A9FCC699D6F}.Release|Any CPU.Build.0 = Release|Any CPU
		{99473B2D-8C14-4444-8856-68E5444EA31E}.Debug|Any CPU.ActiveCfg = Debug|Any CPU
		{99473B2D-8C14-4444-8856-68E5444EA31E}.Debug|Any CPU.Build.0 = Debug|Any CPU
		{99473B2D-8C14-4444-8856-68E5444EA31E}.Release|Any CPU.ActiveCfg = Release|Any CPU
		{99473B2D-8C14-4444-8856-68E5444EA31E}.Release|Any CPU.Build.0 = Release|Any CPU
		{4D97BF33-CA39-4390-84DA-4B5FA93809FC}.Debug|Any CPU.ActiveCfg = Debug|Any CPU
		{4D97BF33-CA39-4390-84DA-4B5FA93809FC}.Debug|Any CPU.Build.0 = Debug|Any CPU
		{4D97BF33-CA39-4390-84DA-4B5FA93809FC}.Release|Any CPU.ActiveCfg = Release|Any CPU
		{4D97BF33-CA39-4390-84DA-4B5FA93809FC}.Release|Any CPU.Build.0 = Release|Any CPU
		{AD7585E6-C4D6-4C19-B260-E1361EDE8B1D}.Debug|Any CPU.ActiveCfg = Debug|Any CPU
		{AD7585E6-C4D6-4C19-B260-E1361EDE8B1D}.Debug|Any CPU.Build.0 = Debug|Any CPU
		{AD7585E6-C4D6-4C19-B260-E1361EDE8B1D}.Release|Any CPU.ActiveCfg = Release|Any CPU
		{AD7585E6-C4D6-4C19-B260-E1361EDE8B1D}.Release|Any CPU.Build.0 = Release|Any CPU
	EndGlobalSection
	GlobalSection(SolutionProperties) = preSolution
		HideSolutionNode = FALSE
	EndGlobalSection
	GlobalSection(NestedProjects) = preSolution
		{F44416E4-9390-42B0-A67D-E6AD40875CC8} = {97CDA8C6-32BA-47E5-968E-FCA571148DBE}
		{002A5BD1-9983-4E2E-9D93-1A9FCC699D6F} = {97CDA8C6-32BA-47E5-968E-FCA571148DBE}
		{99473B2D-8C14-4444-8856-68E5444EA31E} = {97CDA8C6-32BA-47E5-968E-FCA571148DBE}
		{4D97BF33-CA39-4390-84DA-4B5FA93809FC} = {28EA3F55-C157-479E-B625-5D975604EB91}
		{AD7585E6-C4D6-4C19-B260-E1361EDE8B1D} = {3FCCAE8A-5A34-411F-92C9-5749F0FFAB20}
	EndGlobalSection
	GlobalSection(ExtensibilityGlobals) = postSolution
		SolutionGuid = {5CCCD55B-E55C-45B6-8913-CA0661231174}
	EndGlobalSection
EndGlobal
